
Microsoft Visual Studio Solution File, Format Version 12.00
# Visual Studio Version 17
VisualStudioVersion = 17.1.32228.430
MinimumVisualStudioVersion = 10.0.40219.1
Project("{9A19103F-16F7-4668-BE54-9A1E7A4F7556}") = "dataaccess.ado", "dataAccess.ADO\dataaccess.ado.csproj", "{B7E05749-BEB7-4A44-8F6D-AA0B3DD74381}"
EndProject
Project("{9A19103F-16F7-4668-BE54-9A1E7A4F7556}") = "dataAccess.DAPPER", "dataAccess.DAPPER\dataAccess.DAPPER.csproj", "{504E875A-0C8F-4152-B8D3-896CBB7E8414}"
EndProject
Global
	GlobalSection(SolutionConfigurationPlatforms) = preSolution
		Debug|Any CPU = Debug|Any CPU
		Release|Any CPU = Release|Any CPU
	EndGlobalSection
	GlobalSection(ProjectConfigurationPlatforms) = postSolution
		{B7E05749-BEB7-4A44-8F6D-AA0B3DD74381}.Debug|Any CPU.ActiveCfg = Debug|Any CPU
		{B7E05749-BEB7-4A44-8F6D-AA0B3DD74381}.Debug|Any CPU.Build.0 = Debug|Any CPU
		{B7E05749-BEB7-4A44-8F6D-AA0B3DD74381}.Release|Any CPU.ActiveCfg = Release|Any CPU
		{B7E05749-BEB7-4A44-8F6D-AA0B3DD74381}.Release|Any CPU.Build.0 = Release|Any CPU
		{504E875A-0C8F-4152-B8D3-896CBB7E8414}.Debug|Any CPU.ActiveCfg = Debug|Any CPU
		{504E875A-0C8F-4152-B8D3-896CBB7E8414}.Debug|Any CPU.Build.0 = Debug|Any CPU
		{504E875A-0C8F-4152-B8D3-896CBB7E8414}.Release|Any CPU.ActiveCfg = Release|Any CPU
		{504E875A-0C8F-4152-B8D3-896CBB7E8414}.Release|Any CPU.Build.0 = Release|Any CPU
	EndGlobalSection
	GlobalSection(SolutionProperties) = preSolution
		HideSolutionNode = FALSE
	EndGlobalSection
	GlobalSection(ExtensibilityGlobals) = postSolution
		SolutionGuid = {F35A8603-8A69-4565-9279-E63D0AD23654}
	EndGlobalSection
EndGlobal
